
Microsoft Visual Studio Solution File, Format Version 12.00
# Visual Studio Version 17
VisualStudioVersion = 17.9.34723.18
MinimumVisualStudioVersion = 10.0.40219.1
Project("{FAE04EC0-301F-11D3-BF4B-00C04F79EFBC}") = "RailwayAPI", "RailwayAPI\RailwayAPI.csproj", "{C1209EA4-2C7D-44C4-B113-56714D85A78D}"
EndProject
Global
	GlobalSection(SolutionConfigurationPlatforms) = preSolution
		Debug|Any CPU = Debug|Any CPU
		Release|Any CPU = Release|Any CPU
	EndGlobalSection
	GlobalSection(ProjectConfigurationPlatforms) = postSolution
		{C1209EA4-2C7D-44C4-B113-56714D85A78D}.Debug|Any CPU.ActiveCfg = Debug|Any CPU
		{C1209EA4-2C7D-44C4-B113-56714D85A78D}.Debug|Any CPU.Build.0 = Debug|Any CPU
		{C1209EA4-2C7D-44C4-B113-56714D85A78D}.Release|Any CPU.ActiveCfg = Release|Any CPU
		{C1209EA4-2C7D-44C4-B113-56714D85A78D}.Release|Any CPU.Build.0 = Release|Any CPU
	EndGlobalSection
	GlobalSection(SolutionProperties) = preSolution
		HideSolutionNode = FALSE
	EndGlobalSection
	GlobalSection(ExtensibilityGlobals) = postSolution
		SolutionGuid = {BD112B87-AAF0-43CC-8AC8-28A073665EA6}
	EndGlobalSection
EndGlobal
